
Microsoft Visual Studio Solution File, Format Version 12.00
# Visual Studio Version 17
VisualStudioVersion = 17.5.2.0
MinimumVisualStudioVersion = 10.0.40219.1
Project("{FAE04EC0-301F-11D3-BF4B-00C04F79EFBC}") = "DotNetDependencies", "DotNetDependencies\DotNetDependencies.csproj", "{C8C08B89-7D34-0DB5-30A7-E737DC8547B0}"
EndProject
Project("{FAE04EC0-301F-11D3-BF4B-00C04F79EFBC}") = "MyConsoleApp", "MyConsoleApp\MyConsoleApp.csproj", "{A4063FE3-5BB9-4E5F-A748-F2AAB1D8620C}"
EndProject
Global
	GlobalSection(SolutionConfigurationPlatforms) = preSolution
		Debug|Any CPU = Debug|Any CPU
		Debug|x64 = Debug|x64
		Debug|x86 = Debug|x86
		Release|Any CPU = Release|Any CPU
		Release|x64 = Release|x64
		Release|x86 = Release|x86
	EndGlobalSection
	GlobalSection(ProjectConfigurationPlatforms) = postSolution
		{C8C08B89-7D34-0DB5-30A7-E737DC8547B0}.Debug|Any CPU.ActiveCfg = Debug|Any CPU
		{C8C08B89-7D34-0DB5-30A7-E737DC8547B0}.Debug|Any CPU.Build.0 = Debug|Any CPU
		{C8C08B89-7D34-0DB5-30A7-E737DC8547B0}.Debug|x64.ActiveCfg = Debug|Any CPU
		{C8C08B89-7D34-0DB5-30A7-E737DC8547B0}.Debug|x64.Build.0 = Debug|Any CPU
		{C8C08B89-7D34-0DB5-30A7-E737DC8547B0}.Debug|x86.ActiveCfg = Debug|Any CPU
		{C8C08B89-7D34-0DB5-30A7-E737DC8547B0}.Debug|x86.Build.0 = Debug|Any CPU
		{C8C08B89-7D34-0DB5-30A7-E737DC8547B0}.Release|Any CPU.ActiveCfg = Release|Any CPU
		{C8C08B89-7D34-0DB5-30A7-E737DC8547B0}.Release|Any CPU.Build.0 = Release|Any CPU
		{C8C08B89-7D34-0DB5-30A7-E737DC8547B0}.Release|x64.ActiveCfg = Release|Any CPU
		{C8C08B89-7D34-0DB5-30A7-E737DC8547B0}.Release|x64.Build.0 = Release|Any CPU
		{C8C08B89-7D34-0DB5-30A7-E737DC8547B0}.Release|x86.ActiveCfg = Release|Any CPU
		{C8C08B89-7D34-0DB5-30A7-E737DC8547B0}.Release|x86.Build.0 = Release|Any CPU
		{A4063FE3-5BB9-4E5F-A748-F2AAB1D8620C}.Debug|Any CPU.ActiveCfg = Debug|Any CPU
		{A4063FE3-5BB9-4E5F-A748-F2AAB1D8620C}.Debug|Any CPU.Build.0 = Debug|Any CPU
		{A4063FE3-5BB9-4E5F-A748-F2AAB1D8620C}.Debug|x64.ActiveCfg = Debug|Any CPU
		{A4063FE3-5BB9-4E5F-A748-F2AAB1D8620C}.Debug|x64.Build.0 = Debug|Any CPU
		{A4063FE3-5BB9-4E5F-A748-F2AAB1D8620C}.Debug|x86.ActiveCfg = Debug|Any CPU
		{A4063FE3-5BB9-4E5F-A748-F2AAB1D8620C}.Debug|x86.Build.0 = Debug|Any CPU
		{A4063FE3-5BB9-4E5F-A748-F2AAB1D8620C}.Release|Any CPU.ActiveCfg = Release|Any CPU
		{A4063FE3-5BB9-4E5F-A748-F2AAB1D8620C}.Release|Any CPU.Build.0 = Release|Any CPU
		{A4063FE3-5BB9-4E5F-A748-F2AAB1D8620C}.Release|x64.ActiveCfg = Release|Any CPU
		{A4063FE3-5BB9-4E5F-A748-F2AAB1D8620C}.Release|x64.Build.0 = Release|Any CPU
		{A4063FE3-5BB9-4E5F-A748-F2AAB1D8620C}.Release|x86.ActiveCfg = Release|Any CPU
		{A4063FE3-5BB9-4E5F-A748-F2AAB1D8620C}.Release|x86.Build.0 = Release|Any CPU
	EndGlobalSection
	GlobalSection(SolutionProperties) = preSolution
		HideSolutionNode = FALSE
	EndGlobalSection
	GlobalSection(ExtensibilityGlobals) = postSolution
		SolutionGuid = {27A0DF18-3930-401C-BF1A-29C45155B586}
	EndGlobalSection
EndGlobal
